// !$*UTF8*$!
{
	archiveVersion = 1;
	classes = {
	};
	objectVersion = 56;
	objects = {

/* Begin PBXBuildFile section */
		69087164297729F600339488 /* BaseViewController.swift in Sources */ = {isa = PBXBuildFile; fileRef = 69087163297729F600339488 /* BaseViewController.swift */; };
		693BAEC2297146140011D412 /* AppDelegate.swift in Sources */ = {isa = PBXBuildFile; fileRef = 693BAEC1297146140011D412 /* AppDelegate.swift */; };
		693BAEC4297146140011D412 /* SceneDelegate.swift in Sources */ = {isa = PBXBuildFile; fileRef = 693BAEC3297146140011D412 /* SceneDelegate.swift */; };
		693BAEC6297146140011D412 /* TabBarController.swift in Sources */ = {isa = PBXBuildFile; fileRef = 693BAEC5297146140011D412 /* TabBarController.swift */; };
		693BAEC9297146140011D412 /* Main.storyboard in Resources */ = {isa = PBXBuildFile; fileRef = 693BAEC7297146140011D412 /* Main.storyboard */; };
		693BAECC297146140011D412 /* game_guide_app.xcdatamodeld in Sources */ = {isa = PBXBuildFile; fileRef = 693BAECA297146140011D412 /* game_guide_app.xcdatamodeld */; };
		693BAECE297146150011D412 /* Assets.xcassets in Resources */ = {isa = PBXBuildFile; fileRef = 693BAECD297146150011D412 /* Assets.xcassets */; };
		693BAED1297146150011D412 /* LaunchScreen.storyboard in Resources */ = {isa = PBXBuildFile; fileRef = 693BAECF297146150011D412 /* LaunchScreen.storyboard */; };
		693BAEF629717EE10011D412 /* GameViewController.swift in Sources */ = {isa = PBXBuildFile; fileRef = 693BAEF529717EE10011D412 /* GameViewController.swift */; };
		693BAEF829717F270011D412 /* FavouritesViewController.swift in Sources */ = {isa = PBXBuildFile; fileRef = 693BAEF729717F270011D412 /* FavouritesViewController.swift */; };
		693BAEFA297180180011D412 /* NotesViewController.swift in Sources */ = {isa = PBXBuildFile; fileRef = 693BAEF9297180180011D412 /* NotesViewController.swift */; };
		6945477E2977132A00A95EE2 /* Sk-Modernist-Regular.otf in Resources */ = {isa = PBXBuildFile; fileRef = 6945477B2977132A00A95EE2 /* Sk-Modernist-Regular.otf */; };
		6945477F2977132A00A95EE2 /* Sk-Modernist-Bold.otf in Resources */ = {isa = PBXBuildFile; fileRef = 6945477C2977132A00A95EE2 /* Sk-Modernist-Bold.otf */; };
		694547802977132A00A95EE2 /* Sk-Modernist-Mono.otf in Resources */ = {isa = PBXBuildFile; fileRef = 6945477D2977132A00A95EE2 /* Sk-Modernist-Mono.otf */; };
		69BF933629780109008A14A1 /* GameViewModel.swift in Sources */ = {isa = PBXBuildFile; fileRef = 69BF933529780109008A14A1 /* GameViewModel.swift */; };
		69BF933E297821AB008A14A1 /* GameFeedCell.swift in Sources */ = {isa = PBXBuildFile; fileRef = 69BF933C297821AB008A14A1 /* GameFeedCell.swift */; };
		69BF933F297821AB008A14A1 /* GameFeedCell.xib in Resources */ = {isa = PBXBuildFile; fileRef = 69BF933D297821AB008A14A1 /* GameFeedCell.xib */; };
		69DC8C2529784DE300E439EA /* Kingfisher in Frameworks */ = {isa = PBXBuildFile; productRef = 69DC8C2429784DE300E439EA /* Kingfisher */; };
		69DC8C2829784E1500E439EA /* Alamofire in Frameworks */ = {isa = PBXBuildFile; productRef = 69DC8C2729784E1500E439EA /* Alamofire */; };
		69DC8C2A2978507600E439EA /* GameFeedManager.swift in Sources */ = {isa = PBXBuildFile; fileRef = 69DC8C292978507600E439EA /* GameFeedManager.swift */; };
		69DC8C2C29785A8D00E439EA /* GameFeedDto.swift in Sources */ = {isa = PBXBuildFile; fileRef = 69DC8C2B29785A8D00E439EA /* GameFeedDto.swift */; };
		69DC8C2E29786F1900E439EA /* GameModel.swift in Sources */ = {isa = PBXBuildFile; fileRef = 69DC8C2D29786F1900E439EA /* GameModel.swift */; };
		69DC8C302978720700E439EA /* GameCollectionViewHelper.swift in Sources */ = {isa = PBXBuildFile; fileRef = 69DC8C2F2978720700E439EA /* GameCollectionViewHelper.swift */; };
		69DC8C322978881E00E439EA /* GameFeedFooterLoadingReusableView.swift in Sources */ = {isa = PBXBuildFile; fileRef = 69DC8C312978881E00E439EA /* GameFeedFooterLoadingReusableView.swift */; };
		69F5A820297845E500361D31 /* NetworkHelper.swift in Sources */ = {isa = PBXBuildFile; fileRef = 69F5A81F297845E500361D31 /* NetworkHelper.swift */; };
		69F5A822297845F500361D31 /* NetworkManager.swift in Sources */ = {isa = PBXBuildFile; fileRef = 69F5A821297845F500361D31 /* NetworkManager.swift */; };
/* End PBXBuildFile section */

/* Begin PBXFileReference section */
		69087163297729F600339488 /* BaseViewController.swift */ = {isa = PBXFileReference; lastKnownFileType = sourcecode.swift; path = BaseViewController.swift; sourceTree = "<group>"; };
		693BAEBE297146140011D412 /* game_guide_app.app */ = {isa = PBXFileReference; explicitFileType = wrapper.application; includeInIndex = 0; path = game_guide_app.app; sourceTree = BUILT_PRODUCTS_DIR; };
		693BAEC1297146140011D412 /* AppDelegate.swift */ = {isa = PBXFileReference; lastKnownFileType = sourcecode.swift; path = AppDelegate.swift; sourceTree = "<group>"; };
		693BAEC3297146140011D412 /* SceneDelegate.swift */ = {isa = PBXFileReference; lastKnownFileType = sourcecode.swift; path = SceneDelegate.swift; sourceTree = "<group>"; };
		693BAEC5297146140011D412 /* TabBarController.swift */ = {isa = PBXFileReference; lastKnownFileType = sourcecode.swift; path = TabBarController.swift; sourceTree = "<group>"; };
		693BAEC8297146140011D412 /* Base */ = {isa = PBXFileReference; lastKnownFileType = file.storyboard; name = Base; path = Base.lproj/Main.storyboard; sourceTree = "<group>"; };
		693BAECB297146140011D412 /* game_guide_app.xcdatamodel */ = {isa = PBXFileReference; lastKnownFileType = wrapper.xcdatamodel; path = game_guide_app.xcdatamodel; sourceTree = "<group>"; };
		693BAECD297146150011D412 /* Assets.xcassets */ = {isa = PBXFileReference; lastKnownFileType = folder.assetcatalog; path = Assets.xcassets; sourceTree = "<group>"; };
		693BAED0297146150011D412 /* Base */ = {isa = PBXFileReference; lastKnownFileType = file.storyboard; name = Base; path = Base.lproj/LaunchScreen.storyboard; sourceTree = "<group>"; };
		693BAED2297146150011D412 /* Info.plist */ = {isa = PBXFileReference; lastKnownFileType = text.plist.xml; path = Info.plist; sourceTree = "<group>"; };
		693BAEF529717EE10011D412 /* GameViewController.swift */ = {isa = PBXFileReference; lastKnownFileType = sourcecode.swift; path = GameViewController.swift; sourceTree = "<group>"; };
		693BAEF729717F270011D412 /* FavouritesViewController.swift */ = {isa = PBXFileReference; lastKnownFileType = sourcecode.swift; path = FavouritesViewController.swift; sourceTree = "<group>"; };
		693BAEF9297180180011D412 /* NotesViewController.swift */ = {isa = PBXFileReference; lastKnownFileType = sourcecode.swift; path = NotesViewController.swift; sourceTree = "<group>"; };
		6945477B2977132A00A95EE2 /* Sk-Modernist-Regular.otf */ = {isa = PBXFileReference; lastKnownFileType = file; name = "Sk-Modernist-Regular.otf"; path = "../../../../../Downloads/Sk-Modernist/Sk-Modernist-Regular.otf"; sourceTree = "<group>"; };
		6945477C2977132A00A95EE2 /* Sk-Modernist-Bold.otf */ = {isa = PBXFileReference; lastKnownFileType = file; name = "Sk-Modernist-Bold.otf"; path = "../../../../../Downloads/Sk-Modernist/Sk-Modernist-Bold.otf"; sourceTree = "<group>"; };
		6945477D2977132A00A95EE2 /* Sk-Modernist-Mono.otf */ = {isa = PBXFileReference; lastKnownFileType = file; name = "Sk-Modernist-Mono.otf"; path = "../../../../../Downloads/Sk-Modernist/Sk-Modernist-Mono.otf"; sourceTree = "<group>"; };
		69BF933529780109008A14A1 /* GameViewModel.swift */ = {isa = PBXFileReference; lastKnownFileType = sourcecode.swift; path = GameViewModel.swift; sourceTree = "<group>"; };
		69BF933C297821AB008A14A1 /* GameFeedCell.swift */ = {isa = PBXFileReference; lastKnownFileType = sourcecode.swift; path = GameFeedCell.swift; sourceTree = "<group>"; };
		69BF933D297821AB008A14A1 /* GameFeedCell.xib */ = {isa = PBXFileReference; lastKnownFileType = file.xib; path = GameFeedCell.xib; sourceTree = "<group>"; };
		69DC8C292978507600E439EA /* GameFeedManager.swift */ = {isa = PBXFileReference; lastKnownFileType = sourcecode.swift; path = GameFeedManager.swift; sourceTree = "<group>"; };
		69DC8C2B29785A8D00E439EA /* GameFeedDto.swift */ = {isa = PBXFileReference; lastKnownFileType = sourcecode.swift; path = GameFeedDto.swift; sourceTree = "<group>"; };
		69DC8C2D29786F1900E439EA /* GameModel.swift */ = {isa = PBXFileReference; lastKnownFileType = sourcecode.swift; path = GameModel.swift; sourceTree = "<group>"; };
		69DC8C2F2978720700E439EA /* GameCollectionViewHelper.swift */ = {isa = PBXFileReference; lastKnownFileType = sourcecode.swift; path = GameCollectionViewHelper.swift; sourceTree = "<group>"; };
		69DC8C312978881E00E439EA /* GameFeedFooterLoadingReusableView.swift */ = {isa = PBXFileReference; lastKnownFileType = sourcecode.swift; path = GameFeedFooterLoadingReusableView.swift; sourceTree = "<group>"; };
		69F5A81F297845E500361D31 /* NetworkHelper.swift */ = {isa = PBXFileReference; lastKnownFileType = sourcecode.swift; path = NetworkHelper.swift; sourceTree = "<group>"; };
		69F5A821297845F500361D31 /* NetworkManager.swift */ = {isa = PBXFileReference; lastKnownFileType = sourcecode.swift; path = NetworkManager.swift; sourceTree = "<group>"; };
/* End PBXFileReference section */

/* Begin PBXFrameworksBuildPhase section */
		693BAEBB297146140011D412 /* Frameworks */ = {
			isa = PBXFrameworksBuildPhase;
			buildActionMask = 2147483647;
			files = (
				69DC8C2529784DE300E439EA /* Kingfisher in Frameworks */,
				69DC8C2829784E1500E439EA /* Alamofire in Frameworks */,
			);
			runOnlyForDeploymentPostprocessing = 0;
		};
/* End PBXFrameworksBuildPhase section */

/* Begin PBXGroup section */
		690871602977271E00339488 /* components */ = {
			isa = PBXGroup;
			children = (
				69087163297729F600339488 /* BaseViewController.swift */,
			);
			path = components;
			sourceTree = "<group>";
		};
		690E964B2972767A00A664E2 /* fonts */ = {
			isa = PBXGroup;
			children = (
				6945477C2977132A00A95EE2 /* Sk-Modernist-Bold.otf */,
				6945477D2977132A00A95EE2 /* Sk-Modernist-Mono.otf */,
				6945477B2977132A00A95EE2 /* Sk-Modernist-Regular.otf */,
			);
			path = fonts;
			sourceTree = "<group>";
		};
		693BAEB5297146140011D412 = {
			isa = PBXGroup;
			children = (
				693BAEC0297146140011D412 /* game_guide_app */,
				693BAEBF297146140011D412 /* Products */,
			);
			sourceTree = "<group>";
		};
		693BAEBF297146140011D412 /* Products */ = {
			isa = PBXGroup;
			children = (
				693BAEBE297146140011D412 /* game_guide_app.app */,
			);
			name = Products;
			sourceTree = "<group>";
		};
		693BAEC0297146140011D412 /* game_guide_app */ = {
			isa = PBXGroup;
			children = (
				690E964B2972767A00A664E2 /* fonts */,
				693BAEDD29715EA20011D412 /* Notes */,
				693BAEDB29715D800011D412 /* Favourites */,
				693BAEDA29715D6C0011D412 /* GameFeed */,
				693BAED929715D570011D412 /* Common */,
				693BAEC1297146140011D412 /* AppDelegate.swift */,
				693BAEC3297146140011D412 /* SceneDelegate.swift */,
				693BAEC5297146140011D412 /* TabBarController.swift */,
				693BAEC7297146140011D412 /* Main.storyboard */,
				693BAECD297146150011D412 /* Assets.xcassets */,
				693BAECF297146150011D412 /* LaunchScreen.storyboard */,
				693BAED2297146150011D412 /* Info.plist */,
				693BAECA297146140011D412 /* game_guide_app.xcdatamodeld */,
			);
			path = game_guide_app;
			sourceTree = "<group>";
		};
		693BAED929715D570011D412 /* Common */ = {
			isa = PBXGroup;
			children = (
				69F5A81E297845D000361D31 /* NetworkLayer */,
				693BAEF429717A170011D412 /* Model */,
				693BAEF329717A080011D412 /* ViewModel */,
				693BAEF229717A020011D412 /* View */,
				693BAEDF2971722E0011D412 /* Components */,
			);
			path = Common;
			sourceTree = "<group>";
		};
		693BAEDA29715D6C0011D412 /* GameFeed */ = {
			isa = PBXGroup;
			children = (
				69BF93372978071B008A14A1 /* Components */,
				693BAEE9297179940011D412 /* Model */,
				693BAEE82971798F0011D412 /* ViewModel */,
				693BAEE7297179890011D412 /* View */,
			);
			path = GameFeed;
			sourceTree = "<group>";
		};
		693BAEDB29715D800011D412 /* Favourites */ = {
			isa = PBXGroup;
			children = (
				693BAEE62971796F0011D412 /* View */,
				693BAEE5297179690011D412 /* ViewModel */,
				693BAEE4297179600011D412 /* Model */,
			);
			path = Favourites;
			sourceTree = "<group>";
		};
		693BAEDD29715EA20011D412 /* Notes */ = {
			isa = PBXGroup;
			children = (
				693BAEEF297179C70011D412 /* ViewModel */,
				693BAEEE297179C10011D412 /* View */,
				693BAEED297179BB0011D412 /* Model */,
			);
			path = Notes;
			sourceTree = "<group>";
		};
		693BAEDF2971722E0011D412 /* Components */ = {
			isa = PBXGroup;
			children = (
				690871602977271E00339488 /* components */,
			);
			path = Components;
			sourceTree = "<group>";
		};
		693BAEE4297179600011D412 /* Model */ = {
			isa = PBXGroup;
			children = (
			);
			path = Model;
			sourceTree = "<group>";
		};
		693BAEE5297179690011D412 /* ViewModel */ = {
			isa = PBXGroup;
			children = (
			);
			path = ViewModel;
			sourceTree = "<group>";
		};
		693BAEE62971796F0011D412 /* View */ = {
			isa = PBXGroup;
			children = (
				693BAEF729717F270011D412 /* FavouritesViewController.swift */,
			);
			path = View;
			sourceTree = "<group>";
		};
		693BAEE7297179890011D412 /* View */ = {
			isa = PBXGroup;
			children = (
				693BAEF529717EE10011D412 /* GameViewController.swift */,
			);
			path = View;
			sourceTree = "<group>";
		};
		693BAEE82971798F0011D412 /* ViewModel */ = {
			isa = PBXGroup;
			children = (
				69BF933529780109008A14A1 /* GameViewModel.swift */,
			);
			path = ViewModel;
			sourceTree = "<group>";
		};
		693BAEE9297179940011D412 /* Model */ = {
			isa = PBXGroup;
			children = (
				69DC8C292978507600E439EA /* GameFeedManager.swift */,
				69DC8C2B29785A8D00E439EA /* GameFeedDto.swift */,
				69DC8C2D29786F1900E439EA /* GameModel.swift */,
			);
			path = Model;
			sourceTree = "<group>";
		};
		693BAEED297179BB0011D412 /* Model */ = {
			isa = PBXGroup;
			children = (
			);
			path = Model;
			sourceTree = "<group>";
		};
		693BAEEE297179C10011D412 /* View */ = {
			isa = PBXGroup;
			children = (
				693BAEF9297180180011D412 /* NotesViewController.swift */,
			);
			path = View;
			sourceTree = "<group>";
		};
		693BAEEF297179C70011D412 /* ViewModel */ = {
			isa = PBXGroup;
			children = (
			);
			path = ViewModel;
			sourceTree = "<group>";
		};
		693BAEF229717A020011D412 /* View */ = {
			isa = PBXGroup;
			children = (
			);
			path = View;
			sourceTree = "<group>";
		};
		693BAEF329717A080011D412 /* ViewModel */ = {
			isa = PBXGroup;
			children = (
			);
			path = ViewModel;
			sourceTree = "<group>";
		};
		693BAEF429717A170011D412 /* Model */ = {
			isa = PBXGroup;
			children = (
			);
			path = Model;
			sourceTree = "<group>";
		};
		69BF93372978071B008A14A1 /* Components */ = {
			isa = PBXGroup;
			children = (
				69BF933C297821AB008A14A1 /* GameFeedCell.swift */,
				69BF933D297821AB008A14A1 /* GameFeedCell.xib */,
				69DC8C2F2978720700E439EA /* GameCollectionViewHelper.swift */,
				69DC8C312978881E00E439EA /* GameFeedFooterLoadingReusableView.swift */,
			);
			path = Components;
			sourceTree = "<group>";
		};
		69F5A81E297845D000361D31 /* NetworkLayer */ = {
			isa = PBXGroup;
			children = (
				69F5A81F297845E500361D31 /* NetworkHelper.swift */,
				69F5A821297845F500361D31 /* NetworkManager.swift */,
			);
			path = NetworkLayer;
			sourceTree = "<group>";
		};
/* End PBXGroup section */

/* Begin PBXNativeTarget section */
		693BAEBD297146140011D412 /* game_guide_app */ = {
			isa = PBXNativeTarget;
			buildConfigurationList = 693BAED5297146150011D412 /* Build configuration list for PBXNativeTarget "game_guide_app" */;
			buildPhases = (
				693BAEBA297146140011D412 /* Sources */,
				693BAEBB297146140011D412 /* Frameworks */,
				693BAEBC297146140011D412 /* Resources */,
			);
			buildRules = (
			);
			dependencies = (
			);
			name = game_guide_app;
			packageProductDependencies = (
				69DC8C2429784DE300E439EA /* Kingfisher */,
				69DC8C2729784E1500E439EA /* Alamofire */,
			);
			productName = game_guide_app;
			productReference = 693BAEBE297146140011D412 /* game_guide_app.app */;
			productType = "com.apple.product-type.application";
		};
/* End PBXNativeTarget section */

/* Begin PBXProject section */
		693BAEB6297146140011D412 /* Project object */ = {
			isa = PBXProject;
			attributes = {
				BuildIndependentTargetsInParallel = 1;
				LastSwiftUpdateCheck = 1400;
				LastUpgradeCheck = 1400;
				TargetAttributes = {
					693BAEBD297146140011D412 = {
						CreatedOnToolsVersion = 14.0;
					};
				};
			};
			buildConfigurationList = 693BAEB9297146140011D412 /* Build configuration list for PBXProject "game_guide_app" */;
			compatibilityVersion = "Xcode 14.0";
			developmentRegion = en;
			hasScannedForEncodings = 0;
			knownRegions = (
				en,
				Base,
			);
			mainGroup = 693BAEB5297146140011D412;
			packageReferences = (
				69DC8C2329784DE300E439EA /* XCRemoteSwiftPackageReference "Kingfisher" */,
				69DC8C2629784E1500E439EA /* XCRemoteSwiftPackageReference "Alamofire" */,
			);
			productRefGroup = 693BAEBF297146140011D412 /* Products */;
			projectDirPath = "";
			projectRoot = "";
			targets = (
				693BAEBD297146140011D412 /* game_guide_app */,
			);
		};
/* End PBXProject section */

/* Begin PBXResourcesBuildPhase section */
		693BAEBC297146140011D412 /* Resources */ = {
			isa = PBXResourcesBuildPhase;
			buildActionMask = 2147483647;
			files = (
				693BAED1297146150011D412 /* LaunchScreen.storyboard in Resources */,
				693BAECE297146150011D412 /* Assets.xcassets in Resources */,
				69BF933F297821AB008A14A1 /* GameFeedCell.xib in Resources */,
				694547802977132A00A95EE2 /* Sk-Modernist-Mono.otf in Resources */,
				6945477E2977132A00A95EE2 /* Sk-Modernist-Regular.otf in Resources */,
				6945477F2977132A00A95EE2 /* Sk-Modernist-Bold.otf in Resources */,
				693BAEC9297146140011D412 /* Main.storyboard in Resources */,
			);
			runOnlyForDeploymentPostprocessing = 0;
		};
/* End PBXResourcesBuildPhase section */

/* Begin PBXSourcesBuildPhase section */
		693BAEBA297146140011D412 /* Sources */ = {
			isa = PBXSourcesBuildPhase;
			buildActionMask = 2147483647;
			files = (
				69F5A820297845E500361D31 /* NetworkHelper.swift in Sources */,
				69DC8C2A2978507600E439EA /* GameFeedManager.swift in Sources */,
				693BAEF829717F270011D412 /* FavouritesViewController.swift in Sources */,
				69DC8C2C29785A8D00E439EA /* GameFeedDto.swift in Sources */,
				693BAEF629717EE10011D412 /* GameViewController.swift in Sources */,
				69DC8C2E29786F1900E439EA /* GameModel.swift in Sources */,
				693BAEC6297146140011D412 /* TabBarController.swift in Sources */,
				693BAEFA297180180011D412 /* NotesViewController.swift in Sources */,
				693BAEC2297146140011D412 /* AppDelegate.swift in Sources */,
				69087164297729F600339488 /* BaseViewController.swift in Sources */,
				69DC8C302978720700E439EA /* GameCollectionViewHelper.swift in Sources */,
				693BAECC297146140011D412 /* game_guide_app.xcdatamodeld in Sources */,
				69BF933629780109008A14A1 /* GameViewModel.swift in Sources */,
				69F5A822297845F500361D31 /* NetworkManager.swift in Sources */,
				693BAEC4297146140011D412 /* SceneDelegate.swift in Sources */,
				69DC8C322978881E00E439EA /* GameFeedFooterLoadingReusableView.swift in Sources */,
				69BF933E297821AB008A14A1 /* GameFeedCell.swift in Sources */,
			);
			runOnlyForDeploymentPostprocessing = 0;
		};
/* End PBXSourcesBuildPhase section */

/* Begin PBXVariantGroup section */
		693BAEC7297146140011D412 /* Main.storyboard */ = {
			isa = PBXVariantGroup;
			children = (
				693BAEC8297146140011D412 /* Base */,
			);
			name = Main.storyboard;
			sourceTree = "<group>";
		};
		693BAECF297146150011D412 /* LaunchScreen.storyboard */ = {
			isa = PBXVariantGroup;
			children = (
				693BAED0297146150011D412 /* Base */,
			);
			name = LaunchScreen.storyboard;
			sourceTree = "<group>";
		};
/* End PBXVariantGroup section */

/* Begin XCBuildConfiguration section */
		693BAED3297146150011D412 /* Debug */ = {
			isa = XCBuildConfiguration;
			buildSettings = {
				ALWAYS_SEARCH_USER_PATHS = NO;
				CLANG_ANALYZER_NONNULL = YES;
				CLANG_ANALYZER_NUMBER_OBJECT_CONVERSION = YES_AGGRESSIVE;
				CLANG_CXX_LANGUAGE_STANDARD = "gnu++20";
				CLANG_ENABLE_MODULES = YES;
				CLANG_ENABLE_OBJC_ARC = YES;
				CLANG_ENABLE_OBJC_WEAK = YES;
				CLANG_WARN_BLOCK_CAPTURE_AUTORELEASING = YES;
				CLANG_WARN_BOOL_CONVERSION = YES;
				CLANG_WARN_COMMA = YES;
				CLANG_WARN_CONSTANT_CONVERSION = YES;
				CLANG_WARN_DEPRECATED_OBJC_IMPLEMENTATIONS = YES;
				CLANG_WARN_DIRECT_OBJC_ISA_USAGE = YES_ERROR;
				CLANG_WARN_DOCUMENTATION_COMMENTS = YES;
				CLANG_WARN_EMPTY_BODY = YES;
				CLANG_WARN_ENUM_CONVERSION = YES;
				CLANG_WARN_INFINITE_RECURSION = YES;
				CLANG_WARN_INT_CONVERSION = YES;
				CLANG_WARN_NON_LITERAL_NULL_CONVERSION = YES;
				CLANG_WARN_OBJC_IMPLICIT_RETAIN_SELF = YES;
				CLANG_WARN_OBJC_LITERAL_CONVERSION = YES;
				CLANG_WARN_OBJC_ROOT_CLASS = YES_ERROR;
				CLANG_WARN_QUOTED_INCLUDE_IN_FRAMEWORK_HEADER = YES;
				CLANG_WARN_RANGE_LOOP_ANALYSIS = YES;
				CLANG_WARN_STRICT_PROTOTYPES = YES;
				CLANG_WARN_SUSPICIOUS_MOVE = YES;
				CLANG_WARN_UNGUARDED_AVAILABILITY = YES_AGGRESSIVE;
				CLANG_WARN_UNREACHABLE_CODE = YES;
				CLANG_WARN__DUPLICATE_METHOD_MATCH = YES;
				COPY_PHASE_STRIP = NO;
				DEBUG_INFORMATION_FORMAT = dwarf;
				ENABLE_STRICT_OBJC_MSGSEND = YES;
				ENABLE_TESTABILITY = YES;
				GCC_C_LANGUAGE_STANDARD = gnu11;
				GCC_DYNAMIC_NO_PIC = NO;
				GCC_NO_COMMON_BLOCKS = YES;
				GCC_OPTIMIZATION_LEVEL = 0;
				GCC_PREPROCESSOR_DEFINITIONS = (
					"DEBUG=1",
					"$(inherited)",
				);
				GCC_WARN_64_TO_32_BIT_CONVERSION = YES;
				GCC_WARN_ABOUT_RETURN_TYPE = YES_ERROR;
				GCC_WARN_UNDECLARED_SELECTOR = YES;
				GCC_WARN_UNINITIALIZED_AUTOS = YES_AGGRESSIVE;
				GCC_WARN_UNUSED_FUNCTION = YES;
				GCC_WARN_UNUSED_VARIABLE = YES;
				IPHONEOS_DEPLOYMENT_TARGET = 16.0;
				MTL_ENABLE_DEBUG_INFO = INCLUDE_SOURCE;
				MTL_FAST_MATH = YES;
				ONLY_ACTIVE_ARCH = YES;
				SDKROOT = iphoneos;
				SWIFT_ACTIVE_COMPILATION_CONDITIONS = DEBUG;
				SWIFT_OPTIMIZATION_LEVEL = "-Onone";
			};
			name = Debug;
		};
		693BAED4297146150011D412 /* Release */ = {
			isa = XCBuildConfiguration;
			buildSettings = {
				ALWAYS_SEARCH_USER_PATHS = NO;
				CLANG_ANALYZER_NONNULL = YES;
				CLANG_ANALYZER_NUMBER_OBJECT_CONVERSION = YES_AGGRESSIVE;
				CLANG_CXX_LANGUAGE_STANDARD = "gnu++20";
				CLANG_ENABLE_MODULES = YES;
				CLANG_ENABLE_OBJC_ARC = YES;
				CLANG_ENABLE_OBJC_WEAK = YES;
				CLANG_WARN_BLOCK_CAPTURE_AUTORELEASING = YES;
				CLANG_WARN_BOOL_CONVERSION = YES;
				CLANG_WARN_COMMA = YES;
				CLANG_WARN_CONSTANT_CONVERSION = YES;
				CLANG_WARN_DEPRECATED_OBJC_IMPLEMENTATIONS = YES;
				CLANG_WARN_DIRECT_OBJC_ISA_USAGE = YES_ERROR;
				CLANG_WARN_DOCUMENTATION_COMMENTS = YES;
				CLANG_WARN_EMPTY_BODY = YES;
				CLANG_WARN_ENUM_CONVERSION = YES;
				CLANG_WARN_INFINITE_RECURSION = YES;
				CLANG_WARN_INT_CONVERSION = YES;
				CLANG_WARN_NON_LITERAL_NULL_CONVERSION = YES;
				CLANG_WARN_OBJC_IMPLICIT_RETAIN_SELF = YES;
				CLANG_WARN_OBJC_LITERAL_CONVERSION = YES;
				CLANG_WARN_OBJC_ROOT_CLASS = YES_ERROR;
				CLANG_WARN_QUOTED_INCLUDE_IN_FRAMEWORK_HEADER = YES;
				CLANG_WARN_RANGE_LOOP_ANALYSIS = YES;
				CLANG_WARN_STRICT_PROTOTYPES = YES;
				CLANG_WARN_SUSPICIOUS_MOVE = YES;
				CLANG_WARN_UNGUARDED_AVAILABILITY = YES_AGGRESSIVE;
				CLANG_WARN_UNREACHABLE_CODE = YES;
				CLANG_WARN__DUPLICATE_METHOD_MATCH = YES;
				COPY_PHASE_STRIP = NO;
				DEBUG_INFORMATION_FORMAT = "dwarf-with-dsym";
				ENABLE_NS_ASSERTIONS = NO;
				ENABLE_STRICT_OBJC_MSGSEND = YES;
				GCC_C_LANGUAGE_STANDARD = gnu11;
				GCC_NO_COMMON_BLOCKS = YES;
				GCC_WARN_64_TO_32_BIT_CONVERSION = YES;
				GCC_WARN_ABOUT_RETURN_TYPE = YES_ERROR;
				GCC_WARN_UNDECLARED_SELECTOR = YES;
				GCC_WARN_UNINITIALIZED_AUTOS = YES_AGGRESSIVE;
				GCC_WARN_UNUSED_FUNCTION = YES;
				GCC_WARN_UNUSED_VARIABLE = YES;
				IPHONEOS_DEPLOYMENT_TARGET = 16.0;
				MTL_ENABLE_DEBUG_INFO = NO;
				MTL_FAST_MATH = YES;
				SDKROOT = iphoneos;
				SWIFT_COMPILATION_MODE = wholemodule;
				SWIFT_OPTIMIZATION_LEVEL = "-O";
				VALIDATE_PRODUCT = YES;
			};
			name = Release;
		};
		693BAED6297146150011D412 /* Debug */ = {
			isa = XCBuildConfiguration;
			buildSettings = {
				ASSETCATALOG_COMPILER_APPICON_NAME = AppIcon;
				ASSETCATALOG_COMPILER_GLOBAL_ACCENT_COLOR_NAME = AccentColor;
				CODE_SIGN_STYLE = Automatic;
				CURRENT_PROJECT_VERSION = 1;
				DEVELOPMENT_TEAM = 8MQ4VC6DX5;
				GENERATE_INFOPLIST_FILE = YES;
				INFOPLIST_FILE = game_guide_app/Info.plist;
				INFOPLIST_KEY_LSApplicationCategoryType = "public.app-category.education";
				INFOPLIST_KEY_UIApplicationSupportsIndirectInputEvents = YES;
				INFOPLIST_KEY_UILaunchStoryboardName = LaunchScreen;
				INFOPLIST_KEY_UIMainStoryboardFile = Main;
				INFOPLIST_KEY_UISupportedInterfaceOrientations_iPad = "UIInterfaceOrientationPortrait UIInterfaceOrientationPortraitUpsideDown UIInterfaceOrientationLandscapeLeft UIInterfaceOrientationLandscapeRight";
				INFOPLIST_KEY_UISupportedInterfaceOrientations_iPhone = "UIInterfaceOrientationPortrait UIInterfaceOrientationLandscapeLeft UIInterfaceOrientationLandscapeRight";
				LD_RUNPATH_SEARCH_PATHS = (
					"$(inherited)",
					"@executable_path/Frameworks",
				);
				MARKETING_VERSION = 1.0;
				PRODUCT_BUNDLE_IDENTIFIER = "com.engin.protein.game-guide-app";
				PRODUCT_NAME = "$(TARGET_NAME)";
				SWIFT_EMIT_LOC_STRINGS = YES;
				SWIFT_VERSION = 5.0;
				TARGETED_DEVICE_FAMILY = "1,2";
			};
			name = Debug;
		};
		693BAED7297146150011D412 /* Release */ = {
			isa = XCBuildConfiguration;
			buildSettings = {
				ASSETCATALOG_COMPILER_APPICON_NAME = AppIcon;
				ASSETCATALOG_COMPILER_GLOBAL_ACCENT_COLOR_NAME = AccentColor;
				CODE_SIGN_STYLE = Automatic;
				CURRENT_PROJECT_VERSION = 1;
				DEVELOPMENT_TEAM = 8MQ4VC6DX5;
				GENERATE_INFOPLIST_FILE = YES;
				INFOPLIST_FILE = game_guide_app/Info.plist;
				INFOPLIST_KEY_LSApplicationCategoryType = "public.app-category.education";
				INFOPLIST_KEY_UIApplicationSupportsIndirectInputEvents = YES;
				INFOPLIST_KEY_UILaunchStoryboardName = LaunchScreen;
				INFOPLIST_KEY_UIMainStoryboardFile = Main;
				INFOPLIST_KEY_UISupportedInterfaceOrientations_iPad = "UIInterfaceOrientationPortrait UIInterfaceOrientationPortraitUpsideDown UIInterfaceOrientationLandscapeLeft UIInterfaceOrientationLandscapeRight";
				INFOPLIST_KEY_UISupportedInterfaceOrientations_iPhone = "UIInterfaceOrientationPortrait UIInterfaceOrientationLandscapeLeft UIInterfaceOrientationLandscapeRight";
				LD_RUNPATH_SEARCH_PATHS = (
					"$(inherited)",
					"@executable_path/Frameworks",
				);
				MARKETING_VERSION = 1.0;
				PRODUCT_BUNDLE_IDENTIFIER = "com.engin.protein.game-guide-app";
				PRODUCT_NAME = "$(TARGET_NAME)";
				SWIFT_EMIT_LOC_STRINGS = YES;
				SWIFT_VERSION = 5.0;
				TARGETED_DEVICE_FAMILY = "1,2";
			};
			name = Release;
		};
/* End XCBuildConfiguration section */

/* Begin XCConfigurationList section */
		693BAEB9297146140011D412 /* Build configuration list for PBXProject "game_guide_app" */ = {
			isa = XCConfigurationList;
			buildConfigurations = (
				693BAED3297146150011D412 /* Debug */,
				693BAED4297146150011D412 /* Release */,
			);
			defaultConfigurationIsVisible = 0;
			defaultConfigurationName = Release;
		};
		693BAED5297146150011D412 /* Build configuration list for PBXNativeTarget "game_guide_app" */ = {
			isa = XCConfigurationList;
			buildConfigurations = (
				693BAED6297146150011D412 /* Debug */,
				693BAED7297146150011D412 /* Release */,
			);
			defaultConfigurationIsVisible = 0;
			defaultConfigurationName = Release;
		};
/* End XCConfigurationList section */

/* Begin XCRemoteSwiftPackageReference section */
		69DC8C2329784DE300E439EA /* XCRemoteSwiftPackageReference "Kingfisher" */ = {
			isa = XCRemoteSwiftPackageReference;
			repositoryURL = "https://github.com/onevcat/Kingfisher.git";
			requirement = {
				branch = master;
				kind = branch;
			};
		};
		69DC8C2629784E1500E439EA /* XCRemoteSwiftPackageReference "Alamofire" */ = {
			isa = XCRemoteSwiftPackageReference;
			repositoryURL = "https://github.com/Alamofire/Alamofire";
			requirement = {
				kind = upToNextMajorVersion;
				minimumVersion = 5.0.0;
			};
		};
/* End XCRemoteSwiftPackageReference section */

/* Begin XCSwiftPackageProductDependency section */
		69DC8C2429784DE300E439EA /* Kingfisher */ = {
			isa = XCSwiftPackageProductDependency;
			package = 69DC8C2329784DE300E439EA /* XCRemoteSwiftPackageReference "Kingfisher" */;
			productName = Kingfisher;
		};
		69DC8C2729784E1500E439EA /* Alamofire */ = {
			isa = XCSwiftPackageProductDependency;
			package = 69DC8C2629784E1500E439EA /* XCRemoteSwiftPackageReference "Alamofire" */;
			productName = Alamofire;
		};
/* End XCSwiftPackageProductDependency section */

/* Begin XCVersionGroup section */
		693BAECA297146140011D412 /* game_guide_app.xcdatamodeld */ = {
			isa = XCVersionGroup;
			children = (
				693BAECB297146140011D412 /* game_guide_app.xcdatamodel */,
			);
			currentVersion = 693BAECB297146140011D412 /* game_guide_app.xcdatamodel */;
			path = game_guide_app.xcdatamodeld;
			sourceTree = "<group>";
			versionGroupType = wrapper.xcdatamodel;
		};
/* End XCVersionGroup section */
	};
	rootObject = 693BAEB6297146140011D412 /* Project object */;
}
